
Microsoft Visual Studio Solution File, Format Version 12.00
# Visual Studio Version 17
VisualStudioVersion = 17.13.35913.81
MinimumVisualStudioVersion = 10.0.40219.1
Project("{FAE04EC0-301F-11D3-BF4B-00C04F79EFBC}") = "Print", "Print\Print.csproj", "{214906FA-5A6B-44DC-B804-1C5A63D329CB}"
EndProject
Project("{FAE04EC0-301F-11D3-BF4B-00C04F79EFBC}") = "ValueTypeVariable", "Variable\ValueTypeVariable.csproj", "{D24D3FA4-699D-4954-A0C0-88489FA55C4E}"
EndProject
Project("{FAE04EC0-301F-11D3-BF4B-00C04F79EFBC}") = "Operator", "Operator\Operator.csproj", "{69EF459B-0F81-49F8-A6E5-8BC8226E770F}"
EndProject
Project("{FAE04EC0-301F-11D3-BF4B-00C04F79EFBC}") = "ReadInput", "ReadInput\ReadInput.csproj", "{CFEC0D93-5856-4EBD-AF7B-84656CCE5D30}"
EndProject
Project("{FAE04EC0-301F-11D3-BF4B-00C04F79EFBC}") = "IF", "IF\IF.csproj", "{62219CAF-C0E2-47A6-95C6-9271417141C5}"
EndProject
Project("{FAE04EC0-301F-11D3-BF4B-00C04F79EFBC}") = "Loop", "Loop\Loop.csproj", "{2B63AE30-F651-4FA8-91FD-14BF6626DB2C}"
EndProject
Project("{FAE04EC0-301F-11D3-BF4B-00C04F79EFBC}") = "Array", "Array\Array.csproj", "{839C59C2-39E2-48B6-8067-FCF6A7744A7F}"
EndProject
Project("{FAE04EC0-301F-11D3-BF4B-00C04F79EFBC}") = "Annotation", "Annotation\Annotation.csproj", "{616BCC57-6E50-4411-98B1-844C483747B3}"
EndProject
Project("{FAE04EC0-301F-11D3-BF4B-00C04F79EFBC}") = "Function", "Function\Function.csproj", "{33BA5B5C-62B5-4A8F-AE36-8E4C7A07B0DD}"
EndProject
Project("{FAE04EC0-301F-11D3-BF4B-00C04F79EFBC}") = "BuildingStar", "BuildingStar\BuildingStar.csproj", "{E6A33084-7AE6-4EA2-AB2A-628394C9E5A4}"
EndProject
Project("{FAE04EC0-301F-11D3-BF4B-00C04F79EFBC}") = "Enum", "Enum\Enum.csproj", "{68494C8C-FC35-4880-A2C8-0EDFF5FF871D}"
EndProject
Project("{FAE04EC0-301F-11D3-BF4B-00C04F79EFBC}") = "Constant", "Constant\Constant.csproj", "{57F6AE1B-7683-4401-91D0-62E472A26C94}"
EndProject
Project("{FAE04EC0-301F-11D3-BF4B-00C04F79EFBC}") = "Class", "Class\Class.csproj", "{A027EFE2-4AB1-4DAF-A681-F0E070E4311B}"
EndProject
Project("{FAE04EC0-301F-11D3-BF4B-00C04F79EFBC}") = "Static", "Static\Static.csproj", "{1E6933FD-A0C1-4B35-915E-26ED1EDBB853}"
EndProject
Project("{FAE04EC0-301F-11D3-BF4B-00C04F79EFBC}") = "Generic", "Generic\Generic.csproj", "{A68FF9E2-366D-48A5-818B-1FF2F70527E5}"
EndProject
Project("{FAE04EC0-301F-11D3-BF4B-00C04F79EFBC}") = "Interface", "Interface\Interface.csproj", "{24218D7B-139D-4DBB-B743-D4F05A6A1060}"
EndProject
Global
	GlobalSection(SolutionConfigurationPlatforms) = preSolution
		Debug|Any CPU = Debug|Any CPU
		Release|Any CPU = Release|Any CPU
	EndGlobalSection
	GlobalSection(ProjectConfigurationPlatforms) = postSolution
		{214906FA-5A6B-44DC-B804-1C5A63D329CB}.Debug|Any CPU.ActiveCfg = Debug|Any CPU
		{214906FA-5A6B-44DC-B804-1C5A63D329CB}.Debug|Any CPU.Build.0 = Debug|Any CPU
		{214906FA-5A6B-44DC-B804-1C5A63D329CB}.Release|Any CPU.ActiveCfg = Release|Any CPU
		{214906FA-5A6B-44DC-B804-1C5A63D329CB}.Release|Any CPU.Build.0 = Release|Any CPU
		{D24D3FA4-699D-4954-A0C0-88489FA55C4E}.Debug|Any CPU.ActiveCfg = Debug|Any CPU
		{D24D3FA4-699D-4954-A0C0-88489FA55C4E}.Debug|Any CPU.Build.0 = Debug|Any CPU
		{D24D3FA4-699D-4954-A0C0-88489FA55C4E}.Release|Any CPU.ActiveCfg = Release|Any CPU
		{D24D3FA4-699D-4954-A0C0-88489FA55C4E}.Release|Any CPU.Build.0 = Release|Any CPU
		{69EF459B-0F81-49F8-A6E5-8BC8226E770F}.Debug|Any CPU.ActiveCfg = Debug|Any CPU
		{69EF459B-0F81-49F8-A6E5-8BC8226E770F}.Debug|Any CPU.Build.0 = Debug|Any CPU
		{69EF459B-0F81-49F8-A6E5-8BC8226E770F}.Release|Any CPU.ActiveCfg = Release|Any CPU
		{69EF459B-0F81-49F8-A6E5-8BC8226E770F}.Release|Any CPU.Build.0 = Release|Any CPU
		{CFEC0D93-5856-4EBD-AF7B-84656CCE5D30}.Debug|Any CPU.ActiveCfg = Debug|Any CPU
		{CFEC0D93-5856-4EBD-AF7B-84656CCE5D30}.Debug|Any CPU.Build.0 = Debug|Any CPU
		{CFEC0D93-5856-4EBD-AF7B-84656CCE5D30}.Release|Any CPU.ActiveCfg = Release|Any CPU
		{CFEC0D93-5856-4EBD-AF7B-84656CCE5D30}.Release|Any CPU.Build.0 = Release|Any CPU
		{62219CAF-C0E2-47A6-95C6-9271417141C5}.Debug|Any CPU.ActiveCfg = Debug|Any CPU
		{62219CAF-C0E2-47A6-95C6-9271417141C5}.Debug|Any CPU.Build.0 = Debug|Any CPU
		{62219CAF-C0E2-47A6-95C6-9271417141C5}.Release|Any CPU.ActiveCfg = Release|Any CPU
		{62219CAF-C0E2-47A6-95C6-9271417141C5}.Release|Any CPU.Build.0 = Release|Any CPU
		{2B63AE30-F651-4FA8-91FD-14BF6626DB2C}.Debug|Any CPU.ActiveCfg = Debug|Any CPU
		{2B63AE30-F651-4FA8-91FD-14BF6626DB2C}.Debug|Any CPU.Build.0 = Debug|Any CPU
		{2B63AE30-F651-4FA8-91FD-14BF6626DB2C}.Release|Any CPU.ActiveCfg = Release|Any CPU
		{2B63AE30-F651-4FA8-91FD-14BF6626DB2C}.Release|Any CPU.Build.0 = Release|Any CPU
		{839C59C2-39E2-48B6-8067-FCF6A7744A7F}.Debug|Any CPU.ActiveCfg = Debug|Any CPU
		{839C59C2-39E2-48B6-8067-FCF6A7744A7F}.Debug|Any CPU.Build.0 = Debug|Any CPU
		{839C59C2-39E2-48B6-8067-FCF6A7744A7F}.Release|Any CPU.ActiveCfg = Release|Any CPU
		{839C59C2-39E2-48B6-8067-FCF6A7744A7F}.Release|Any CPU.Build.0 = Release|Any CPU
		{616BCC57-6E50-4411-98B1-844C483747B3}.Debug|Any CPU.ActiveCfg = Debug|Any CPU
		{616BCC57-6E50-4411-98B1-844C483747B3}.Debug|Any CPU.Build.0 = Debug|Any CPU
		{616BCC57-6E50-4411-98B1-844C483747B3}.Release|Any CPU.ActiveCfg = Release|Any CPU
		{616BCC57-6E50-4411-98B1-844C483747B3}.Release|Any CPU.Build.0 = Release|Any CPU
		{33BA5B5C-62B5-4A8F-AE36-8E4C7A07B0DD}.Debug|Any CPU.ActiveCfg = Debug|Any CPU
		{33BA5B5C-62B5-4A8F-AE36-8E4C7A07B0DD}.Debug|Any CPU.Build.0 = Debug|Any CPU
		{33BA5B5C-62B5-4A8F-AE36-8E4C7A07B0DD}.Release|Any CPU.ActiveCfg = Release|Any CPU
		{33BA5B5C-62B5-4A8F-AE36-8E4C7A07B0DD}.Release|Any CPU.Build.0 = Release|Any CPU
		{E6A33084-7AE6-4EA2-AB2A-628394C9E5A4}.Debug|Any CPU.ActiveCfg = Debug|Any CPU
		{E6A33084-7AE6-4EA2-AB2A-628394C9E5A4}.Debug|Any CPU.Build.0 = Debug|Any CPU
		{E6A33084-7AE6-4EA2-AB2A-628394C9E5A4}.Release|Any CPU.ActiveCfg = Release|Any CPU
		{E6A33084-7AE6-4EA2-AB2A-628394C9E5A4}.Release|Any CPU.Build.0 = Release|Any CPU
		{68494C8C-FC35-4880-A2C8-0EDFF5FF871D}.Debug|Any CPU.ActiveCfg = Debug|Any CPU
		{68494C8C-FC35-4880-A2C8-0EDFF5FF871D}.Debug|Any CPU.Build.0 = Debug|Any CPU
		{68494C8C-FC35-4880-A2C8-0EDFF5FF871D}.Release|Any CPU.ActiveCfg = Release|Any CPU
		{68494C8C-FC35-4880-A2C8-0EDFF5FF871D}.Release|Any CPU.Build.0 = Release|Any CPU
		{57F6AE1B-7683-4401-91D0-62E472A26C94}.Debug|Any CPU.ActiveCfg = Debug|Any CPU
		{57F6AE1B-7683-4401-91D0-62E472A26C94}.Debug|Any CPU.Build.0 = Debug|Any CPU
		{57F6AE1B-7683-4401-91D0-62E472A26C94}.Release|Any CPU.ActiveCfg = Release|Any CPU
		{57F6AE1B-7683-4401-91D0-62E472A26C94}.Release|Any CPU.Build.0 = Release|Any CPU
		{A027EFE2-4AB1-4DAF-A681-F0E070E4311B}.Debug|Any CPU.ActiveCfg = Debug|Any CPU
		{A027EFE2-4AB1-4DAF-A681-F0E070E4311B}.Debug|Any CPU.Build.0 = Debug|Any CPU
		{A027EFE2-4AB1-4DAF-A681-F0E070E4311B}.Release|Any CPU.ActiveCfg = Release|Any CPU
		{A027EFE2-4AB1-4DAF-A681-F0E070E4311B}.Release|Any CPU.Build.0 = Release|Any CPU
		{1E6933FD-A0C1-4B35-915E-26ED1EDBB853}.Debug|Any CPU.ActiveCfg = Debug|Any CPU
		{1E6933FD-A0C1-4B35-915E-26ED1EDBB853}.Debug|Any CPU.Build.0 = Debug|Any CPU
		{1E6933FD-A0C1-4B35-915E-26ED1EDBB853}.Release|Any CPU.ActiveCfg = Release|Any CPU
		{1E6933FD-A0C1-4B35-915E-26ED1EDBB853}.Release|Any CPU.Build.0 = Release|Any CPU
		{A68FF9E2-366D-48A5-818B-1FF2F70527E5}.Debug|Any CPU.ActiveCfg = Debug|Any CPU
		{A68FF9E2-366D-48A5-818B-1FF2F70527E5}.Debug|Any CPU.Build.0 = Debug|Any CPU
		{A68FF9E2-366D-48A5-818B-1FF2F70527E5}.Release|Any CPU.ActiveCfg = Release|Any CPU
		{A68FF9E2-366D-48A5-818B-1FF2F70527E5}.Release|Any CPU.Build.0 = Release|Any CPU
		{24218D7B-139D-4DBB-B743-D4F05A6A1060}.Debug|Any CPU.ActiveCfg = Debug|Any CPU
		{24218D7B-139D-4DBB-B743-D4F05A6A1060}.Debug|Any CPU.Build.0 = Debug|Any CPU
		{24218D7B-139D-4DBB-B743-D4F05A6A1060}.Release|Any CPU.ActiveCfg = Release|Any CPU
		{24218D7B-139D-4DBB-B743-D4F05A6A1060}.Release|Any CPU.Build.0 = Release|Any CPU
	EndGlobalSection
	GlobalSection(SolutionProperties) = preSolution
		HideSolutionNode = FALSE
	EndGlobalSection
	GlobalSection(ExtensibilityGlobals) = postSolution
		SolutionGuid = {88B36988-ED46-4E1B-8CDE-364C1FCC81C8}
	EndGlobalSection
EndGlobal
