
Microsoft Visual Studio Solution File, Format Version 12.00
# Visual Studio Version 17
VisualStudioVersion = 17.13.35919.96 d17.13
MinimumVisualStudioVersion = 10.0.40219.1
Project("{FAE04EC0-301F-11D3-BF4B-00C04F79EFBC}") = "TextRPG", "TextRPG.csproj", "{0B6337FC-6D89-41AA-A1C6-7076218F2304}"
EndProject
Global
	GlobalSection(SolutionConfigurationPlatforms) = preSolution
		Debug|Any CPU = Debug|Any CPU
		Release|Any CPU = Release|Any CPU
	EndGlobalSection
	GlobalSection(ProjectConfigurationPlatforms) = postSolution
		{0B6337FC-6D89-41AA-A1C6-7076218F2304}.Debug|Any CPU.ActiveCfg = Debug|Any CPU
		{0B6337FC-6D89-41AA-A1C6-7076218F2304}.Debug|Any CPU.Build.0 = Debug|Any CPU
		{0B6337FC-6D89-41AA-A1C6-7076218F2304}.Release|Any CPU.ActiveCfg = Release|Any CPU
		{0B6337FC-6D89-41AA-A1C6-7076218F2304}.Release|Any CPU.Build.0 = Release|Any CPU
	EndGlobalSection
	GlobalSection(SolutionProperties) = preSolution
		HideSolutionNode = FALSE
	EndGlobalSection
	GlobalSection(ExtensibilityGlobals) = postSolution
		SolutionGuid = {8BB37069-0476-43EE-83E4-1E2B1FF0A7D0}
	EndGlobalSection
EndGlobal
